{
  "name": "nulp",
  "version": "1.0.0",
  "lockfileVersion": 1,
  "requires": true,
  "dependencies": {
    "node-markov": {
      "version": "1.0.0",
      "resolved": "https://registry.npmjs.org/node-markov/-/node-markov-1.0.0.tgz",
      "integrity": "sha512-OxILoINflLwqOAjgE0RswiyecBY39hooncFqUHV67zBefA0RSxkyMtY4XAFRds8rKkn1RYMw7OU0tXWMfMuseQ=="
    }
  }
}
